
Microsoft Visual Studio Solution File, Format Version 12.00
# Visual Studio Version 17
VisualStudioVersion = 17.1.32210.238
MinimumVisualStudioVersion = 10.0.40219.1
Project("{9A19103F-16F7-4668-BE54-9A1E7A4F7556}") = "ColleagueRequestManager", "ColleagueRequestManager\ColleagueRequestManager.csproj", "{E3AE5F06-801C-4D4A-BD57-2FC6BEBDCC21}"
EndProject
Project("{9A19103F-16F7-4668-BE54-9A1E7A4F7556}") = "Business", "Business\Business.csproj", "{5ABC44F9-9F4E-492F-9753-F8D92F37A4FD}"
EndProject
Project("{9A19103F-16F7-4668-BE54-9A1E7A4F7556}") = "DataAccess", "DataAccess\DataAccess.csproj", "{1B85BB02-7CCF-4075-8F2D-1C08210E8933}"
EndProject
Project("{9A19103F-16F7-4668-BE54-9A1E7A4F7556}") = "Common", "Common\Common.csproj", "{70E080EE-7F16-4470-8334-16B3AC8D3F98}"
EndProject
Project("{9A19103F-16F7-4668-BE54-9A1E7A4F7556}") = "Models", "Models\Models.csproj", "{0325DD4F-087E-4EE2-B799-F96895C4470E}"
EndProject
Global
	GlobalSection(SolutionConfigurationPlatforms) = preSolution
		Debug|Any CPU = Debug|Any CPU
		Release|Any CPU = Release|Any CPU
	EndGlobalSection
	GlobalSection(ProjectConfigurationPlatforms) = postSolution
		{E3AE5F06-801C-4D4A-BD57-2FC6BEBDCC21}.Debug|Any CPU.ActiveCfg = Debug|Any CPU
		{E3AE5F06-801C-4D4A-BD57-2FC6BEBDCC21}.Debug|Any CPU.Build.0 = Debug|Any CPU
		{E3AE5F06-801C-4D4A-BD57-2FC6BEBDCC21}.Release|Any CPU.ActiveCfg = Release|Any CPU
		{E3AE5F06-801C-4D4A-BD57-2FC6BEBDCC21}.Release|Any CPU.Build.0 = Release|Any CPU
		{5ABC44F9-9F4E-492F-9753-F8D92F37A4FD}.Debug|Any CPU.ActiveCfg = Debug|Any CPU
		{5ABC44F9-9F4E-492F-9753-F8D92F37A4FD}.Debug|Any CPU.Build.0 = Debug|Any CPU
		{5ABC44F9-9F4E-492F-9753-F8D92F37A4FD}.Release|Any CPU.ActiveCfg = Release|Any CPU
		{5ABC44F9-9F4E-492F-9753-F8D92F37A4FD}.Release|Any CPU.Build.0 = Release|Any CPU
		{1B85BB02-7CCF-4075-8F2D-1C08210E8933}.Debug|Any CPU.ActiveCfg = Debug|Any CPU
		{1B85BB02-7CCF-4075-8F2D-1C08210E8933}.Debug|Any CPU.Build.0 = Debug|Any CPU
		{1B85BB02-7CCF-4075-8F2D-1C08210E8933}.Release|Any CPU.ActiveCfg = Release|Any CPU
		{1B85BB02-7CCF-4075-8F2D-1C08210E8933}.Release|Any CPU.Build.0 = Release|Any CPU
		{70E080EE-7F16-4470-8334-16B3AC8D3F98}.Debug|Any CPU.ActiveCfg = Debug|Any CPU
		{70E080EE-7F16-4470-8334-16B3AC8D3F98}.Debug|Any CPU.Build.0 = Debug|Any CPU
		{70E080EE-7F16-4470-8334-16B3AC8D3F98}.Release|Any CPU.ActiveCfg = Release|Any CPU
		{70E080EE-7F16-4470-8334-16B3AC8D3F98}.Release|Any CPU.Build.0 = Release|Any CPU
		{0325DD4F-087E-4EE2-B799-F96895C4470E}.Debug|Any CPU.ActiveCfg = Debug|Any CPU
		{0325DD4F-087E-4EE2-B799-F96895C4470E}.Debug|Any CPU.Build.0 = Debug|Any CPU
		{0325DD4F-087E-4EE2-B799-F96895C4470E}.Release|Any CPU.ActiveCfg = Release|Any CPU
		{0325DD4F-087E-4EE2-B799-F96895C4470E}.Release|Any CPU.Build.0 = Release|Any CPU
	EndGlobalSection
	GlobalSection(SolutionProperties) = preSolution
		HideSolutionNode = FALSE
	EndGlobalSection
	GlobalSection(ExtensibilityGlobals) = postSolution
		SolutionGuid = {D2F4F014-B735-4D38-B05E-01DB5AA447B6}
	EndGlobalSection
EndGlobal
